// !$*UTF8*$!
{
	archiveVersion = 1;
	classes = {
	};
	objectVersion = 55;
	objects = {

/* Begin PBXBuildFile section */
		3FAD85FA284FB31400E8FD02 /* AppDelegate.swift in Sources */ = {isa = PBXBuildFile; fileRef = 3FAD85F9284FB31400E8FD02 /* AppDelegate.swift */; };
		3FAD85FC284FB31400E8FD02 /* SceneDelegate.swift in Sources */ = {isa = PBXBuildFile; fileRef = 3FAD85FB284FB31400E8FD02 /* SceneDelegate.swift */; };
		3FAD85FE284FB31400E8FD02 /* ViewController.swift in Sources */ = {isa = PBXBuildFile; fileRef = 3FAD85FD284FB31400E8FD02 /* ViewController.swift */; };
		3FAD8601284FB31400E8FD02 /* Main.storyboard in Resources */ = {isa = PBXBuildFile; fileRef = 3FAD85FF284FB31400E8FD02 /* Main.storyboard */; };
		3FAD8603284FB31600E8FD02 /* Assets.xcassets in Resources */ = {isa = PBXBuildFile; fileRef = 3FAD8602284FB31600E8FD02 /* Assets.xcassets */; };
		3FAD8606284FB31600E8FD02 /* LaunchScreen.storyboard in Resources */ = {isa = PBXBuildFile; fileRef = 3FAD8604284FB31600E8FD02 /* LaunchScreen.storyboard */; };
		3FAD8611284FB31600E8FD02 /* Choose_same_cardTests.swift in Sources */ = {isa = PBXBuildFile; fileRef = 3FAD8610284FB31600E8FD02 /* Choose_same_cardTests.swift */; };
		3FAD861B284FB31600E8FD02 /* Choose_same_cardUITests.swift in Sources */ = {isa = PBXBuildFile; fileRef = 3FAD861A284FB31600E8FD02 /* Choose_same_cardUITests.swift */; };
		3FAD861D284FB31600E8FD02 /* Choose_same_cardUITestsLaunchTests.swift in Sources */ = {isa = PBXBuildFile; fileRef = 3FAD861C284FB31600E8FD02 /* Choose_same_cardUITestsLaunchTests.swift */; };
/* End PBXBuildFile section */

/* Begin PBXContainerItemProxy section */
		3FAD860D284FB31600E8FD02 /* PBXContainerItemProxy */ = {
			isa = PBXContainerItemProxy;
			containerPortal = 3FAD85EE284FB31400E8FD02 /* Project object */;
			proxyType = 1;
			remoteGlobalIDString = 3FAD85F5284FB31400E8FD02;
			remoteInfo = "Choose same card";
		};
		3FAD8617284FB31600E8FD02 /* PBXContainerItemProxy */ = {
			isa = PBXContainerItemProxy;
			containerPortal = 3FAD85EE284FB31400E8FD02 /* Project object */;
			proxyType = 1;
			remoteGlobalIDString = 3FAD85F5284FB31400E8FD02;
			remoteInfo = "Choose same card";
		};
/* End PBXContainerItemProxy section */

/* Begin PBXFileReference section */
		3FAD85F6284FB31400E8FD02 /* Choose same card.app */ = {isa = PBXFileReference; explicitFileType = wrapper.application; includeInIndex = 0; path = "Choose same card.app"; sourceTree = BUILT_PRODUCTS_DIR; };
		3FAD85F9284FB31400E8FD02 /* AppDelegate.swift */ = {isa = PBXFileReference; lastKnownFileType = sourcecode.swift; path = AppDelegate.swift; sourceTree = "<group>"; };
		3FAD85FB284FB31400E8FD02 /* SceneDelegate.swift */ = {isa = PBXFileReference; lastKnownFileType = sourcecode.swift; path = SceneDelegate.swift; sourceTree = "<group>"; };
		3FAD85FD284FB31400E8FD02 /* ViewController.swift */ = {isa = PBXFileReference; lastKnownFileType = sourcecode.swift; path = ViewController.swift; sourceTree = "<group>"; };
		3FAD8600284FB31400E8FD02 /* Base */ = {isa = PBXFileReference; lastKnownFileType = file.storyboard; name = Base; path = Base.lproj/Main.storyboard; sourceTree = "<group>"; };
		3FAD8602284FB31600E8FD02 /* Assets.xcassets */ = {isa = PBXFileReference; lastKnownFileType = folder.assetcatalog; path = Assets.xcassets; sourceTree = "<group>"; };
		3FAD8605284FB31600E8FD02 /* Base */ = {isa = PBXFileReference; lastKnownFileType = file.storyboard; name = Base; path = Base.lproj/LaunchScreen.storyboard; sourceTree = "<group>"; };
		3FAD8607284FB31600E8FD02 /* Info.plist */ = {isa = PBXFileReference; lastKnownFileType = text.plist.xml; path = Info.plist; sourceTree = "<group>"; };
		3FAD860C284FB31600E8FD02 /* Choose same cardTests.xctest */ = {isa = PBXFileReference; explicitFileType = wrapper.cfbundle; includeInIndex = 0; path = "Choose same cardTests.xctest"; sourceTree = BUILT_PRODUCTS_DIR; };
		3FAD8610284FB31600E8FD02 /* Choose_same_cardTests.swift */ = {isa = PBXFileReference; lastKnownFileType = sourcecode.swift; path = Choose_same_cardTests.swift; sourceTree = "<group>"; };
		3FAD8616284FB31600E8FD02 /* Choose same cardUITests.xctest */ = {isa = PBXFileReference; explicitFileType = wrapper.cfbundle; includeInIndex = 0; path = "Choose same cardUITests.xctest"; sourceTree = BUILT_PRODUCTS_DIR; };
		3FAD861A284FB31600E8FD02 /* Choose_same_cardUITests.swift */ = {isa = PBXFileReference; lastKnownFileType = sourcecode.swift; path = Choose_same_cardUITests.swift; sourceTree = "<group>"; };
		3FAD861C284FB31600E8FD02 /* Choose_same_cardUITestsLaunchTests.swift */ = {isa = PBXFileReference; lastKnownFileType = sourcecode.swift; path = Choose_same_cardUITestsLaunchTests.swift; sourceTree = "<group>"; };
/* End PBXFileReference section */

/* Begin PBXFrameworksBuildPhase section */
		3FAD85F3284FB31400E8FD02 /* Frameworks */ = {
			isa = PBXFrameworksBuildPhase;
			buildActionMask = 2147483647;
			files = (
			);
			runOnlyForDeploymentPostprocessing = 0;
		};
		3FAD8609284FB31600E8FD02 /* Frameworks */ = {
			isa = PBXFrameworksBuildPhase;
			buildActionMask = 2147483647;
			files = (
			);
			runOnlyForDeploymentPostprocessing = 0;
		};
		3FAD8613284FB31600E8FD02 /* Frameworks */ = {
			isa = PBXFrameworksBuildPhase;
			buildActionMask = 2147483647;
			files = (
			);
			runOnlyForDeploymentPostprocessing = 0;
		};
/* End PBXFrameworksBuildPhase section */

/* Begin PBXGroup section */
		3FAD85ED284FB31400E8FD02 = {
			isa = PBXGroup;
			children = (
				3FAD85F8284FB31400E8FD02 /* Choose same card */,
				3FAD860F284FB31600E8FD02 /* Choose same cardTests */,
				3FAD8619284FB31600E8FD02 /* Choose same cardUITests */,
				3FAD85F7284FB31400E8FD02 /* Products */,
			);
			sourceTree = "<group>";
		};
		3FAD85F7284FB31400E8FD02 /* Products */ = {
			isa = PBXGroup;
			children = (
				3FAD85F6284FB31400E8FD02 /* Choose same card.app */,
				3FAD860C284FB31600E8FD02 /* Choose same cardTests.xctest */,
				3FAD8616284FB31600E8FD02 /* Choose same cardUITests.xctest */,
			);
			name = Products;
			sourceTree = "<group>";
		};
		3FAD85F8284FB31400E8FD02 /* Choose same card */ = {
			isa = PBXGroup;
			children = (
				3FAD85F9284FB31400E8FD02 /* AppDelegate.swift */,
				3FAD85FB284FB31400E8FD02 /* SceneDelegate.swift */,
				3FAD85FD284FB31400E8FD02 /* ViewController.swift */,
				3FAD85FF284FB31400E8FD02 /* Main.storyboard */,
				3FAD8602284FB31600E8FD02 /* Assets.xcassets */,
				3FAD8604284FB31600E8FD02 /* LaunchScreen.storyboard */,
				3FAD8607284FB31600E8FD02 /* Info.plist */,
			);
			path = "Choose same card";
			sourceTree = "<group>";
		};
		3FAD860F284FB31600E8FD02 /* Choose same cardTests */ = {
			isa = PBXGroup;
			children = (
				3FAD8610284FB31600E8FD02 /* Choose_same_cardTests.swift */,
			);
			path = "Choose same cardTests";
			sourceTree = "<group>";
		};
		3FAD8619284FB31600E8FD02 /* Choose same cardUITests */ = {
			isa = PBXGroup;
			children = (
				3FAD861A284FB31600E8FD02 /* Choose_same_cardUITests.swift */,
				3FAD861C284FB31600E8FD02 /* Choose_same_cardUITestsLaunchTests.swift */,
			);
			path = "Choose same cardUITests";
			sourceTree = "<group>";
		};
/* End PBXGroup section */

/* Begin PBXNativeTarget section */
		3FAD85F5284FB31400E8FD02 /* Choose same card */ = {
			isa = PBXNativeTarget;
			buildConfigurationList = 3FAD8620284FB31600E8FD02 /* Build configuration list for PBXNativeTarget "Choose same card" */;
			buildPhases = (
				3FAD85F2284FB31400E8FD02 /* Sources */,
				3FAD85F3284FB31400E8FD02 /* Frameworks */,
				3FAD85F4284FB31400E8FD02 /* Resources */,
			);
			buildRules = (
			);
			dependencies = (
			);
			name = "Choose same card";
			productName = "Choose same card";
			productReference = 3FAD85F6284FB31400E8FD02 /* Choose same card.app */;
			productType = "com.apple.product-type.application";
		};
		3FAD860B284FB31600E8FD02 /* Choose same cardTests */ = {
			isa = PBXNativeTarget;
			buildConfigurationList = 3FAD8623284FB31600E8FD02 /* Build configuration list for PBXNativeTarget "Choose same cardTests" */;
			buildPhases = (
				3FAD8608284FB31600E8FD02 /* Sources */,
				3FAD8609284FB31600E8FD02 /* Frameworks */,
				3FAD860A284FB31600E8FD02 /* Resources */,
			);
			buildRules = (
			);
			dependencies = (
				3FAD860E284FB31600E8FD02 /* PBXTargetDependency */,
			);
			name = "Choose same cardTests";
			productName = "Choose same cardTests";
			productReference = 3FAD860C284FB31600E8FD02 /* Choose same cardTests.xctest */;
			productType = "com.apple.product-type.bundle.unit-test";
		};
		3FAD8615284FB31600E8FD02 /* Choose same cardUITests */ = {
			isa = PBXNativeTarget;
			buildConfigurationList = 3FAD8626284FB31600E8FD02 /* Build configuration list for PBXNativeTarget "Choose same cardUITests" */;
			buildPhases = (
				3FAD8612284FB31600E8FD02 /* Sources */,
				3FAD8613284FB31600E8FD02 /* Frameworks */,
				3FAD8614284FB31600E8FD02 /* Resources */,
			);
			buildRules = (
			);
			dependencies = (
				3FAD8618284FB31600E8FD02 /* PBXTargetDependency */,
			);
			name = "Choose same cardUITests";
			productName = "Choose same cardUITests";
			productReference = 3FAD8616284FB31600E8FD02 /* Choose same cardUITests.xctest */;
			productType = "com.apple.product-type.bundle.ui-testing";
		};
/* End PBXNativeTarget section */

/* Begin PBXProject section */
		3FAD85EE284FB31400E8FD02 /* Project object */ = {
			isa = PBXProject;
			attributes = {
				BuildIndependentTargetsInParallel = 1;
				LastSwiftUpdateCheck = 1340;
				LastUpgradeCheck = 1340;
				TargetAttributes = {
					3FAD85F5284FB31400E8FD02 = {
						CreatedOnToolsVersion = 13.4.1;
					};
					3FAD860B284FB31600E8FD02 = {
						CreatedOnToolsVersion = 13.4.1;
						TestTargetID = 3FAD85F5284FB31400E8FD02;
					};
					3FAD8615284FB31600E8FD02 = {
						CreatedOnToolsVersion = 13.4.1;
						TestTargetID = 3FAD85F5284FB31400E8FD02;
					};
				};
			};
			buildConfigurationList = 3FAD85F1284FB31400E8FD02 /* Build configuration list for PBXProject "Choose same card" */;
			compatibilityVersion = "Xcode 13.0";
			developmentRegion = en;
			hasScannedForEncodings = 0;
			knownRegions = (
				en,
				Base,
			);
			mainGroup = 3FAD85ED284FB31400E8FD02;
			productRefGroup = 3FAD85F7284FB31400E8FD02 /* Products */;
			projectDirPath = "";
			projectRoot = "";
			targets = (
				3FAD85F5284FB31400E8FD02 /* Choose same card */,
				3FAD860B284FB31600E8FD02 /* Choose same cardTests */,
				3FAD8615284FB31600E8FD02 /* Choose same cardUITests */,
			);
		};
/* End PBXProject section */

/* Begin PBXResourcesBuildPhase section */
		3FAD85F4284FB31400E8FD02 /* Resources */ = {
			isa = PBXResourcesBuildPhase;
			buildActionMask = 2147483647;
			files = (
				3FAD8606284FB31600E8FD02 /* LaunchScreen.storyboard in Resources */,
				3FAD8603284FB31600E8FD02 /* Assets.xcassets in Resources */,
				3FAD8601284FB31400E8FD02 /* Main.storyboard in Resources */,
			);
			runOnlyForDeploymentPostprocessing = 0;
		};
		3FAD860A284FB31600E8FD02 /* Resources */ = {
			isa = PBXResourcesBuildPhase;
			buildActionMask = 2147483647;
			files = (
			);
			runOnlyForDeploymentPostprocessing = 0;
		};
		3FAD8614284FB31600E8FD02 /* Resources */ = {
			isa = PBXResourcesBuildPhase;
			buildActionMask = 2147483647;
			files = (
			);
			runOnlyForDeploymentPostprocessing = 0;
		};
/* End PBXResourcesBuildPhase section */

/* Begin PBXSourcesBuildPhase section */
		3FAD85F2284FB31400E8FD02 /* Sources */ = {
			isa = PBXSourcesBuildPhase;
			buildActionMask = 2147483647;
			files = (
				3FAD85FE284FB31400E8FD02 /* ViewController.swift in Sources */,
				3FAD85FA284FB31400E8FD02 /* AppDelegate.swift in Sources */,
				3FAD85FC284FB31400E8FD02 /* SceneDelegate.swift in Sources */,
			);
			runOnlyForDeploymentPostprocessing = 0;
		};
		3FAD8608284FB31600E8FD02 /* Sources */ = {
			isa = PBXSourcesBuildPhase;
			buildActionMask = 2147483647;
			files = (
				3FAD8611284FB31600E8FD02 /* Choose_same_cardTests.swift in Sources */,
			);
			runOnlyForDeploymentPostprocessing = 0;
		};
		3FAD8612284FB31600E8FD02 /* Sources */ = {
			isa = PBXSourcesBuildPhase;
			buildActionMask = 2147483647;
			files = (
				3FAD861B284FB31600E8FD02 /* Choose_same_cardUITests.swift in Sources */,
				3FAD861D284FB31600E8FD02 /* Choose_same_cardUITestsLaunchTests.swift in Sources */,
			);
			runOnlyForDeploymentPostprocessing = 0;
		};
/* End PBXSourcesBuildPhase section */

/* Begin PBXTargetDependency section */
		3FAD860E284FB31600E8FD02 /* PBXTargetDependency */ = {
			isa = PBXTargetDependency;
			target = 3FAD85F5284FB31400E8FD02 /* Choose same card */;
			targetProxy = 3FAD860D284FB31600E8FD02 /* PBXContainerItemProxy */;
		};
		3FAD8618284FB31600E8FD02 /* PBXTargetDependency */ = {
			isa = PBXTargetDependency;
			target = 3FAD85F5284FB31400E8FD02 /* Choose same card */;
			targetProxy = 3FAD8617284FB31600E8FD02 /* PBXContainerItemProxy */;
		};
/* End PBXTargetDependency section */

/* Begin PBXVariantGroup section */
		3FAD85FF284FB31400E8FD02 /* Main.storyboard */ = {
			isa = PBXVariantGroup;
			children = (
				3FAD8600284FB31400E8FD02 /* Base */,
			);
			name = Main.storyboard;
			sourceTree = "<group>";
		};
		3FAD8604284FB31600E8FD02 /* LaunchScreen.storyboard */ = {
			isa = PBXVariantGroup;
			children = (
				3FAD8605284FB31600E8FD02 /* Base */,
			);
			name = LaunchScreen.storyboard;
			sourceTree = "<group>";
		};
/* End PBXVariantGroup section */

/* Begin XCBuildConfiguration section */
		3FAD861E284FB31600E8FD02 /* Debug */ = {
			isa = XCBuildConfiguration;
			buildSettings = {
				ALWAYS_SEARCH_USER_PATHS = NO;
				CLANG_ANALYZER_NONNULL = YES;
				CLANG_ANALYZER_NUMBER_OBJECT_CONVERSION = YES_AGGRESSIVE;
				CLANG_CXX_LANGUAGE_STANDARD = "gnu++17";
				CLANG_ENABLE_MODULES = YES;
				CLANG_ENABLE_OBJC_ARC = YES;
				CLANG_ENABLE_OBJC_WEAK = YES;
				CLANG_WARN_BLOCK_CAPTURE_AUTORELEASING = YES;
				CLANG_WARN_BOOL_CONVERSION = YES;
				CLANG_WARN_COMMA = YES;
				CLANG_WARN_CONSTANT_CONVERSION = YES;
				CLANG_WARN_DEPRECATED_OBJC_IMPLEMENTATIONS = YES;
				CLANG_WARN_DIRECT_OBJC_ISA_USAGE = YES_ERROR;
				CLANG_WARN_DOCUMENTATION_COMMENTS = YES;
				CLANG_WARN_EMPTY_BODY = YES;
				CLANG_WARN_ENUM_CONVERSION = YES;
				CLANG_WARN_INFINITE_RECURSION = YES;
				CLANG_WARN_INT_CONVERSION = YES;
				CLANG_WARN_NON_LITERAL_NULL_CONVERSION = YES;
				CLANG_WARN_OBJC_IMPLICIT_RETAIN_SELF = YES;
				CLANG_WARN_OBJC_LITERAL_CONVERSION = YES;
				CLANG_WARN_OBJC_ROOT_CLASS = YES_ERROR;
				CLANG_WARN_QUOTED_INCLUDE_IN_FRAMEWORK_HEADER = YES;
				CLANG_WARN_RANGE_LOOP_ANALYSIS = YES;
				CLANG_WARN_STRICT_PROTOTYPES = YES;
				CLANG_WARN_SUSPICIOUS_MOVE = YES;
				CLANG_WARN_UNGUARDED_AVAILABILITY = YES_AGGRESSIVE;
				CLANG_WARN_UNREACHABLE_CODE = YES;
				CLANG_WARN__DUPLICATE_METHOD_MATCH = YES;
				COPY_PHASE_STRIP = NO;
				DEBUG_INFORMATION_FORMAT = dwarf;
				ENABLE_STRICT_OBJC_MSGSEND = YES;
				ENABLE_TESTABILITY = YES;
				GCC_C_LANGUAGE_STANDARD = gnu11;
				GCC_DYNAMIC_NO_PIC = NO;
				GCC_NO_COMMON_BLOCKS = YES;
				GCC_OPTIMIZATION_LEVEL = 0;
				GCC_PREPROCESSOR_DEFINITIONS = (
					"DEBUG=1",
					"$(inherited)",
				);
				GCC_WARN_64_TO_32_BIT_CONVERSION = YES;
				GCC_WARN_ABOUT_RETURN_TYPE = YES_ERROR;
				GCC_WARN_UNDECLARED_SELECTOR = YES;
				GCC_WARN_UNINITIALIZED_AUTOS = YES_AGGRESSIVE;
				GCC_WARN_UNUSED_FUNCTION = YES;
				GCC_WARN_UNUSED_VARIABLE = YES;
				IPHONEOS_DEPLOYMENT_TARGET = 15.5;
				MTL_ENABLE_DEBUG_INFO = INCLUDE_SOURCE;
				MTL_FAST_MATH = YES;
				ONLY_ACTIVE_ARCH = YES;
				SDKROOT = iphoneos;
				SWIFT_ACTIVE_COMPILATION_CONDITIONS = DEBUG;
				SWIFT_OPTIMIZATION_LEVEL = "-Onone";
			};
			name = Debug;
		};
		3FAD861F284FB31600E8FD02 /* Release */ = {
			isa = XCBuildConfiguration;
			buildSettings = {
				ALWAYS_SEARCH_USER_PATHS = NO;
				CLANG_ANALYZER_NONNULL = YES;
				CLANG_ANALYZER_NUMBER_OBJECT_CONVERSION = YES_AGGRESSIVE;
				CLANG_CXX_LANGUAGE_STANDARD = "gnu++17";
				CLANG_ENABLE_MODULES = YES;
				CLANG_ENABLE_OBJC_ARC = YES;
				CLANG_ENABLE_OBJC_WEAK = YES;
				CLANG_WARN_BLOCK_CAPTURE_AUTORELEASING = YES;
				CLANG_WARN_BOOL_CONVERSION = YES;
				CLANG_WARN_COMMA = YES;
				CLANG_WARN_CONSTANT_CONVERSION = YES;
				CLANG_WARN_DEPRECATED_OBJC_IMPLEMENTATIONS = YES;
				CLANG_WARN_DIRECT_OBJC_ISA_USAGE = YES_ERROR;
				CLANG_WARN_DOCUMENTATION_COMMENTS = YES;
				CLANG_WARN_EMPTY_BODY = YES;
				CLANG_WARN_ENUM_CONVERSION = YES;
				CLANG_WARN_INFINITE_RECURSION = YES;
				CLANG_WARN_INT_CONVERSION = YES;
				CLANG_WARN_NON_LITERAL_NULL_CONVERSION = YES;
				CLANG_WARN_OBJC_IMPLICIT_RETAIN_SELF = YES;
				CLANG_WARN_OBJC_LITERAL_CONVERSION = YES;
				CLANG_WARN_OBJC_ROOT_CLASS = YES_ERROR;
				CLANG_WARN_QUOTED_INCLUDE_IN_FRAMEWORK_HEADER = YES;
				CLANG_WARN_RANGE_LOOP_ANALYSIS = YES;
				CLANG_WARN_STRICT_PROTOTYPES = YES;
				CLANG_WARN_SUSPICIOUS_MOVE = YES;
				CLANG_WARN_UNGUARDED_AVAILABILITY = YES_AGGRESSIVE;
				CLANG_WARN_UNREACHABLE_CODE = YES;
				CLANG_WARN__DUPLICATE_METHOD_MATCH = YES;
				COPY_PHASE_STRIP = NO;
				DEBUG_INFORMATION_FORMAT = "dwarf-with-dsym";
				ENABLE_NS_ASSERTIONS = NO;
				ENABLE_STRICT_OBJC_MSGSEND = YES;
				GCC_C_LANGUAGE_STANDARD = gnu11;
				GCC_NO_COMMON_BLOCKS = YES;
				GCC_WARN_64_TO_32_BIT_CONVERSION = YES;
				GCC_WARN_ABOUT_RETURN_TYPE = YES_ERROR;
				GCC_WARN_UNDECLARED_SELECTOR = YES;
				GCC_WARN_UNINITIALIZED_AUTOS = YES_AGGRESSIVE;
				GCC_WARN_UNUSED_FUNCTION = YES;
				GCC_WARN_UNUSED_VARIABLE = YES;
				IPHONEOS_DEPLOYMENT_TARGET = 15.5;
				MTL_ENABLE_DEBUG_INFO = NO;
				MTL_FAST_MATH = YES;
				SDKROOT = iphoneos;
				SWIFT_COMPILATION_MODE = wholemodule;
				SWIFT_OPTIMIZATION_LEVEL = "-O";
				VALIDATE_PRODUCT = YES;
			};
			name = Release;
		};
		3FAD8621284FB31600E8FD02 /* Debug */ = {
			isa = XCBuildConfiguration;
			buildSettings = {
				ASSETCATALOG_COMPILER_APPICON_NAME = AppIcon;
				ASSETCATALOG_COMPILER_GLOBAL_ACCENT_COLOR_NAME = AccentColor;
				CODE_SIGN_STYLE = Automatic;
				CURRENT_PROJECT_VERSION = 1;
				DEVELOPMENT_TEAM = UBRTH86SZ3;
				GENERATE_INFOPLIST_FILE = YES;
				INFOPLIST_FILE = "Choose same card/Info.plist";
				INFOPLIST_KEY_UIApplicationSupportsIndirectInputEvents = YES;
				INFOPLIST_KEY_UILaunchStoryboardName = LaunchScreen;
				INFOPLIST_KEY_UIMainStoryboardFile = Main;
				INFOPLIST_KEY_UISupportedInterfaceOrientations_iPad = "UIInterfaceOrientationPortrait UIInterfaceOrientationPortraitUpsideDown UIInterfaceOrientationLandscapeLeft UIInterfaceOrientationLandscapeRight";
				INFOPLIST_KEY_UISupportedInterfaceOrientations_iPhone = "UIInterfaceOrientationPortrait UIInterfaceOrientationLandscapeLeft UIInterfaceOrientationLandscapeRight";
				LD_RUNPATH_SEARCH_PATHS = (
					"$(inherited)",
					"@executable_path/Frameworks",
				);
				MARKETING_VERSION = 1.0;
				PRODUCT_BUNDLE_IDENTIFIER = "kairatovalmat.Choose-same-card";
				PRODUCT_NAME = "$(TARGET_NAME)";
				SWIFT_EMIT_LOC_STRINGS = YES;
				SWIFT_VERSION = 5.0;
				TARGETED_DEVICE_FAMILY = "1,2";
			};
			name = Debug;
		};
		3FAD8622284FB31600E8FD02 /* Release */ = {
			isa = XCBuildConfiguration;
			buildSettings = {
				ASSETCATALOG_COMPILER_APPICON_NAME = AppIcon;
				ASSETCATALOG_COMPILER_GLOBAL_ACCENT_COLOR_NAME = AccentColor;
				CODE_SIGN_STYLE = Automatic;
				CURRENT_PROJECT_VERSION = 1;
				DEVELOPMENT_TEAM = UBRTH86SZ3;
				GENERATE_INFOPLIST_FILE = YES;
				INFOPLIST_FILE = "Choose same card/Info.plist";
				INFOPLIST_KEY_UIApplicationSupportsIndirectInputEvents = YES;
				INFOPLIST_KEY_UILaunchStoryboardName = LaunchScreen;
				INFOPLIST_KEY_UIMainStoryboardFile = Main;
				INFOPLIST_KEY_UISupportedInterfaceOrientations_iPad = "UIInterfaceOrientationPortrait UIInterfaceOrientationPortraitUpsideDown UIInterfaceOrientationLandscapeLeft UIInterfaceOrientationLandscapeRight";
				INFOPLIST_KEY_UISupportedInterfaceOrientations_iPhone = "UIInterfaceOrientationPortrait UIInterfaceOrientationLandscapeLeft UIInterfaceOrientationLandscapeRight";
				LD_RUNPATH_SEARCH_PATHS = (
					"$(inherited)",
					"@executable_path/Frameworks",
				);
				MARKETING_VERSION = 1.0;
				PRODUCT_BUNDLE_IDENTIFIER = "kairatovalmat.Choose-same-card";
				PRODUCT_NAME = "$(TARGET_NAME)";
				SWIFT_EMIT_LOC_STRINGS = YES;
				SWIFT_VERSION = 5.0;
				TARGETED_DEVICE_FAMILY = "1,2";
			};
			name = Release;
		};
		3FAD8624284FB31600E8FD02 /* Debug */ = {
			isa = XCBuildConfiguration;
			buildSettings = {
				ALWAYS_EMBED_SWIFT_STANDARD_LIBRARIES = YES;
				BUNDLE_LOADER = "$(TEST_HOST)";
				CODE_SIGN_STYLE = Automatic;
				CURRENT_PROJECT_VERSION = 1;
				DEVELOPMENT_TEAM = UBRTH86SZ3;
				GENERATE_INFOPLIST_FILE = YES;
				IPHONEOS_DEPLOYMENT_TARGET = 15.5;
				MARKETING_VERSION = 1.0;
				PRODUCT_BUNDLE_IDENTIFIER = "kairatovalmat.Choose-same-cardTests";
				PRODUCT_NAME = "$(TARGET_NAME)";
				SWIFT_EMIT_LOC_STRINGS = NO;
				SWIFT_VERSION = 5.0;
				TARGETED_DEVICE_FAMILY = "1,2";
				TEST_HOST = "$(BUILT_PRODUCTS_DIR)/Choose same card.app/Choose same card";
			};
			name = Debug;
		};
		3FAD8625284FB31600E8FD02 /* Release */ = {
			isa = XCBuildConfiguration;
			buildSettings = {
				ALWAYS_EMBED_SWIFT_STANDARD_LIBRARIES = YES;
				BUNDLE_LOADER = "$(TEST_HOST)";
				CODE_SIGN_STYLE = Automatic;
				CURRENT_PROJECT_VERSION = 1;
				DEVELOPMENT_TEAM = UBRTH86SZ3;
				GENERATE_INFOPLIST_FILE = YES;
				IPHONEOS_DEPLOYMENT_TARGET = 15.5;
				MARKETING_VERSION = 1.0;
				PRODUCT_BUNDLE_IDENTIFIER = "kairatovalmat.Choose-same-cardTests";
				PRODUCT_NAME = "$(TARGET_NAME)";
				SWIFT_EMIT_LOC_STRINGS = NO;
				SWIFT_VERSION = 5.0;
				TARGETED_DEVICE_FAMILY = "1,2";
				TEST_HOST = "$(BUILT_PRODUCTS_DIR)/Choose same card.app/Choose same card";
			};
			name = Release;
		};
		3FAD8627284FB31600E8FD02 /* Debug */ = {
			isa = XCBuildConfiguration;
			buildSettings = {
				ALWAYS_EMBED_SWIFT_STANDARD_LIBRARIES = YES;
				CODE_SIGN_STYLE = Automatic;
				CURRENT_PROJECT_VERSION = 1;
				DEVELOPMENT_TEAM = UBRTH86SZ3;
				GENERATE_INFOPLIST_FILE = YES;
				MARKETING_VERSION = 1.0;
				PRODUCT_BUNDLE_IDENTIFIER = "kairatovalmat.Choose-same-cardUITests";
				PRODUCT_NAME = "$(TARGET_NAME)";
				SWIFT_EMIT_LOC_STRINGS = NO;
				SWIFT_VERSION = 5.0;
				TARGETED_DEVICE_FAMILY = "1,2";
				TEST_TARGET_NAME = "Choose same card";
			};
			name = Debug;
		};
		3FAD8628284FB31600E8FD02 /* Release */ = {
			isa = XCBuildConfiguration;
			buildSettings = {
				ALWAYS_EMBED_SWIFT_STANDARD_LIBRARIES = YES;
				CODE_SIGN_STYLE = Automatic;
				CURRENT_PROJECT_VERSION = 1;
				DEVELOPMENT_TEAM = UBRTH86SZ3;
				GENERATE_INFOPLIST_FILE = YES;
				MARKETING_VERSION = 1.0;
				PRODUCT_BUNDLE_IDENTIFIER = "kairatovalmat.Choose-same-cardUITests";
				PRODUCT_NAME = "$(TARGET_NAME)";
				SWIFT_EMIT_LOC_STRINGS = NO;
				SWIFT_VERSION = 5.0;
				TARGETED_DEVICE_FAMILY = "1,2";
				TEST_TARGET_NAME = "Choose same card";
			};
			name = Release;
		};
/* End XCBuildConfiguration section */

/* Begin XCConfigurationList section */
		3FAD85F1284FB31400E8FD02 /* Build configuration list for PBXProject "Choose same card" */ = {
			isa = XCConfigurationList;
			buildConfigurations = (
				3FAD861E284FB31600E8FD02 /* Debug */,
				3FAD861F284FB31600E8FD02 /* Release */,
			);
			defaultConfigurationIsVisible = 0;
			defaultConfigurationName = Release;
		};
		3FAD8620284FB31600E8FD02 /* Build configuration list for PBXNativeTarget "Choose same card" */ = {
			isa = XCConfigurationList;
			buildConfigurations = (
				3FAD8621284FB31600E8FD02 /* Debug */,
				3FAD8622284FB31600E8FD02 /* Release */,
			);
			defaultConfigurationIsVisible = 0;
			defaultConfigurationName = Release;
		};
		3FAD8623284FB31600E8FD02 /* Build configuration list for PBXNativeTarget "Choose same cardTests" */ = {
			isa = XCConfigurationList;
			buildConfigurations = (
				3FAD8624284FB31600E8FD02 /* Debug */,
				3FAD8625284FB31600E8FD02 /* Release */,
			);
			defaultConfigurationIsVisible = 0;
			defaultConfigurationName = Release;
		};
		3FAD8626284FB31600E8FD02 /* Build configuration list for PBXNativeTarget "Choose same cardUITests" */ = {
			isa = XCConfigurationList;
			buildConfigurations = (
				3FAD8627284FB31600E8FD02 /* Debug */,
				3FAD8628284FB31600E8FD02 /* Release */,
			);
			defaultConfigurationIsVisible = 0;
			defaultConfigurationName = Release;
		};
/* End XCConfigurationList section */
	};
	rootObject = 3FAD85EE284FB31400E8FD02 /* Project object */;
}
